// !$*UTF8*$!
{
	archiveVersion = 1;
	classes = {
	};
	objectVersion = 50;
	objects = {

/* Begin PBXBuildFile section */
		A915B541247F1B5C0000A35C /* video1.MOV in Resources */ = {isa = PBXBuildFile; fileRef = A915B540247F1B5C0000A35C /* video1.MOV */; };
		A9383A93247FAA890046399E /* PreviewCollectionViewCell.swift in Sources */ = {isa = PBXBuildFile; fileRef = A9383A92247FAA890046399E /* PreviewCollectionViewCell.swift */; };
		A9383A96247FAF4C0046399E /* UICollectionView+Extensions.swift in Sources */ = {isa = PBXBuildFile; fileRef = A9383A95247FAF4C0046399E /* UICollectionView+Extensions.swift */; };
		A9383A98247FB5CD0046399E /* CollectionViewFlowLayout.swift in Sources */ = {isa = PBXBuildFile; fileRef = A9383A97247FB5CD0046399E /* CollectionViewFlowLayout.swift */; };
		A9383A9F247FBD310046399E /* CollectionViewDataSourceAndDelegate.swift in Sources */ = {isa = PBXBuildFile; fileRef = A9383A9E247FBD310046399E /* CollectionViewDataSourceAndDelegate.swift */; };
		A9383AA2247FE12D0046399E /* FilterProvider.swift in Sources */ = {isa = PBXBuildFile; fileRef = A9383AA1247FE12D0046399E /* FilterProvider.swift */; };
		A9383AA6247FF9C90046399E /* PostGrotesk-Bold.otf in Resources */ = {isa = PBXBuildFile; fileRef = A9383AA5247FF9C90046399E /* PostGrotesk-Bold.otf */; };
		A9383AB124811DB60046399E /* Int+Extensions.swift in Sources */ = {isa = PBXBuildFile; fileRef = A9383AB024811DB60046399E /* Int+Extensions.swift */; };
		A9383AB324811DF40046399E /* CIImage+Extension.swift in Sources */ = {isa = PBXBuildFile; fileRef = A9383AB224811DF40046399E /* CIImage+Extension.swift */; };
		A9383AB5248121020046399E /* PreviewViewModelTests.swift in Sources */ = {isa = PBXBuildFile; fileRef = A9383AB4248121020046399E /* PreviewViewModelTests.swift */; };
		A9383AB72481214D0046399E /* FilterProviderMock.swift in Sources */ = {isa = PBXBuildFile; fileRef = A9383AB62481214D0046399E /* FilterProviderMock.swift */; };
		A9383ABB248125150046399E /* GlobalTypeAlias.swift in Sources */ = {isa = PBXBuildFile; fileRef = A9383ABA248125150046399E /* GlobalTypeAlias.swift */; };
		A9383AC1248160320046399E /* CombineCompatible.swift in Sources */ = {isa = PBXBuildFile; fileRef = A9383AC0248160320046399E /* CombineCompatible.swift */; };
		A9383AC3248170410046399E /* TransitionAnimator.swift in Sources */ = {isa = PBXBuildFile; fileRef = A9383AC2248170410046399E /* TransitionAnimator.swift */; };
		A9402757248253D800624EFF /* VideoCompositorInstruction.swift in Sources */ = {isa = PBXBuildFile; fileRef = A9402756248253D800624EFF /* VideoCompositorInstruction.swift */; };
		A94027592482661600624EFF /* VideoEditorMock.swift in Sources */ = {isa = PBXBuildFile; fileRef = A94027582482661600624EFF /* VideoEditorMock.swift */; };
		A940275C24826DF500624EFF /* FilterProviderTests.swift in Sources */ = {isa = PBXBuildFile; fileRef = A940275B24826DF500624EFF /* FilterProviderTests.swift */; };
		A940275E24826FCF00624EFF /* RouteTests.swift in Sources */ = {isa = PBXBuildFile; fileRef = A940275D24826FCF00624EFF /* RouteTests.swift */; };
		A94027602482720B00624EFF /* README.md in Resources */ = {isa = PBXBuildFile; fileRef = A940275F2482720B00624EFF /* README.md */; };
		A94027622483B32600624EFF /* TestVideoMock.swift in Sources */ = {isa = PBXBuildFile; fileRef = A94027612483B32600624EFF /* TestVideoMock.swift */; };
		A94027632483B34E00624EFF /* TestVideoMock.swift in Sources */ = {isa = PBXBuildFile; fileRef = A94027612483B32600624EFF /* TestVideoMock.swift */; };
		A94027672483B44700624EFF /* VideoEditorTests.swift in Sources */ = {isa = PBXBuildFile; fileRef = A94027662483B44700624EFF /* VideoEditorTests.swift */; };
		A94027692483B8D100624EFF /* Font+Extension.swift in Sources */ = {isa = PBXBuildFile; fileRef = A94027682483B8D100624EFF /* Font+Extension.swift */; };
		A940276C2483B97F00624EFF /* FontTest.swift in Sources */ = {isa = PBXBuildFile; fileRef = A940276B2483B97F00624EFF /* FontTest.swift */; };
		A940276E2483C07500624EFF /* UIViewController+Error.swift in Sources */ = {isa = PBXBuildFile; fileRef = A940276D2483C07500624EFF /* UIViewController+Error.swift */; };
		A956D944247E791A00C18229 /* VideoCompositor.swift in Sources */ = {isa = PBXBuildFile; fileRef = A956D943247E791A00C18229 /* VideoCompositor.swift */; };
		A95E0BB6247EDDF400143250 /* video2.MOV in Resources */ = {isa = PBXBuildFile; fileRef = A95E0BB4247EDDF300143250 /* video2.MOV */; };
		A98EE2D9247CE49D00BE96DF /* AppDelegate.swift in Sources */ = {isa = PBXBuildFile; fileRef = A98EE2D8247CE49D00BE96DF /* AppDelegate.swift */; };
		A98EE2DB247CE49D00BE96DF /* SceneDelegate.swift in Sources */ = {isa = PBXBuildFile; fileRef = A98EE2DA247CE49D00BE96DF /* SceneDelegate.swift */; };
		A98EE2DD247CE49D00BE96DF /* CameraViewController.swift in Sources */ = {isa = PBXBuildFile; fileRef = A98EE2DC247CE49D00BE96DF /* CameraViewController.swift */; };
		A98EE2E2247CE49E00BE96DF /* Assets.xcassets in Resources */ = {isa = PBXBuildFile; fileRef = A98EE2E1247CE49E00BE96DF /* Assets.xcassets */; };
		A98EE2E5247CE49E00BE96DF /* LaunchScreen.storyboard in Resources */ = {isa = PBXBuildFile; fileRef = A98EE2E3247CE49E00BE96DF /* LaunchScreen.storyboard */; };
		A9A17FEE247D06BE00D3C043 /* CameraViewModel.swift in Sources */ = {isa = PBXBuildFile; fileRef = A9A17FED247D06BE00D3C043 /* CameraViewModel.swift */; };
		A9A17FF0247D075100D3C043 /* Route.swift in Sources */ = {isa = PBXBuildFile; fileRef = A9A17FEF247D075100D3C043 /* Route.swift */; };
		A9A17FF3247D0FBF00D3C043 /* StruccError.swift in Sources */ = {isa = PBXBuildFile; fileRef = A9A17FF2247D0FBF00D3C043 /* StruccError.swift */; };
		A9A17FF5247D25E800D3C043 /* RecordButton.swift in Sources */ = {isa = PBXBuildFile; fileRef = A9A17FF4247D25E800D3C043 /* RecordButton.swift */; };
		A9A17FF8247D340700D3C043 /* CameraViewModelTests.swift in Sources */ = {isa = PBXBuildFile; fileRef = A9A17FF7247D340700D3C043 /* CameraViewModelTests.swift */; };
		A9A17FFC247D63F400D3C043 /* PreviewViewController.swift in Sources */ = {isa = PBXBuildFile; fileRef = A9A17FFB247D63F400D3C043 /* PreviewViewController.swift */; };
		A9A17FFE247D642700D3C043 /* PreviewViewModel.swift in Sources */ = {isa = PBXBuildFile; fileRef = A9A17FFD247D642700D3C043 /* PreviewViewModel.swift */; };
		A9A18000247D6A1C00D3C043 /* CameraRecorder.swift in Sources */ = {isa = PBXBuildFile; fileRef = A9A17FFF247D6A1C00D3C043 /* CameraRecorder.swift */; };
		A9F4DCD6247E3A3E00D64341 /* VideoEditor.swift in Sources */ = {isa = PBXBuildFile; fileRef = A9F4DCD5247E3A3E00D64341 /* VideoEditor.swift */; };
		A9F4DCDB247E5A5600D64341 /* CameraRecorderMock.swift in Sources */ = {isa = PBXBuildFile; fileRef = A9F4DCDA247E5A5600D64341 /* CameraRecorderMock.swift */; };
		A9F4DCDE247E605A00D64341 /* StruccLayerInstruction.swift in Sources */ = {isa = PBXBuildFile; fileRef = A9F4DCDD247E605A00D64341 /* StruccLayerInstruction.swift */; };
/* End PBXBuildFile section */

/* Begin PBXContainerItemProxy section */
		A98EE2EC247CE49E00BE96DF /* PBXContainerItemProxy */ = {
			isa = PBXContainerItemProxy;
			containerPortal = A98EE2CD247CE49D00BE96DF /* Project object */;
			proxyType = 1;
			remoteGlobalIDString = A98EE2D4247CE49D00BE96DF;
			remoteInfo = strucc;
		};
/* End PBXContainerItemProxy section */

/* Begin PBXFileReference section */
		A915B540247F1B5C0000A35C /* video1.MOV */ = {isa = PBXFileReference; lastKnownFileType = video.quicktime; path = video1.MOV; sourceTree = "<group>"; };
		A9383A92247FAA890046399E /* PreviewCollectionViewCell.swift */ = {isa = PBXFileReference; lastKnownFileType = sourcecode.swift; path = PreviewCollectionViewCell.swift; sourceTree = "<group>"; };
		A9383A95247FAF4C0046399E /* UICollectionView+Extensions.swift */ = {isa = PBXFileReference; lastKnownFileType = sourcecode.swift; path = "UICollectionView+Extensions.swift"; sourceTree = "<group>"; };
		A9383A97247FB5CD0046399E /* CollectionViewFlowLayout.swift */ = {isa = PBXFileReference; lastKnownFileType = sourcecode.swift; path = CollectionViewFlowLayout.swift; sourceTree = "<group>"; };
		A9383A9E247FBD310046399E /* CollectionViewDataSourceAndDelegate.swift */ = {isa = PBXFileReference; lastKnownFileType = sourcecode.swift; path = CollectionViewDataSourceAndDelegate.swift; sourceTree = "<group>"; };
		A9383AA1247FE12D0046399E /* FilterProvider.swift */ = {isa = PBXFileReference; lastKnownFileType = sourcecode.swift; path = FilterProvider.swift; sourceTree = "<group>"; };
		A9383AA5247FF9C90046399E /* PostGrotesk-Bold.otf */ = {isa = PBXFileReference; lastKnownFileType = file; path = "PostGrotesk-Bold.otf"; sourceTree = "<group>"; };
		A9383AB024811DB60046399E /* Int+Extensions.swift */ = {isa = PBXFileReference; lastKnownFileType = sourcecode.swift; path = "Int+Extensions.swift"; sourceTree = "<group>"; };
		A9383AB224811DF40046399E /* CIImage+Extension.swift */ = {isa = PBXFileReference; lastKnownFileType = sourcecode.swift; path = "CIImage+Extension.swift"; sourceTree = "<group>"; };
		A9383AB4248121020046399E /* PreviewViewModelTests.swift */ = {isa = PBXFileReference; lastKnownFileType = sourcecode.swift; path = PreviewViewModelTests.swift; sourceTree = "<group>"; };
		A9383AB62481214D0046399E /* FilterProviderMock.swift */ = {isa = PBXFileReference; lastKnownFileType = sourcecode.swift; path = FilterProviderMock.swift; sourceTree = "<group>"; };
		A9383ABA248125150046399E /* GlobalTypeAlias.swift */ = {isa = PBXFileReference; lastKnownFileType = sourcecode.swift; path = GlobalTypeAlias.swift; sourceTree = "<group>"; };
		A9383AC0248160320046399E /* CombineCompatible.swift */ = {isa = PBXFileReference; lastKnownFileType = sourcecode.swift; path = CombineCompatible.swift; sourceTree = "<group>"; };
		A9383AC2248170410046399E /* TransitionAnimator.swift */ = {isa = PBXFileReference; lastKnownFileType = sourcecode.swift; path = TransitionAnimator.swift; sourceTree = "<group>"; };
		A9402756248253D800624EFF /* VideoCompositorInstruction.swift */ = {isa = PBXFileReference; lastKnownFileType = sourcecode.swift; path = VideoCompositorInstruction.swift; sourceTree = "<group>"; };
		A94027582482661600624EFF /* VideoEditorMock.swift */ = {isa = PBXFileReference; lastKnownFileType = sourcecode.swift; path = VideoEditorMock.swift; sourceTree = "<group>"; };
		A940275B24826DF500624EFF /* FilterProviderTests.swift */ = {isa = PBXFileReference; lastKnownFileType = sourcecode.swift; path = FilterProviderTests.swift; sourceTree = "<group>"; };
		A940275D24826FCF00624EFF /* RouteTests.swift */ = {isa = PBXFileReference; lastKnownFileType = sourcecode.swift; path = RouteTests.swift; sourceTree = "<group>"; };
		A940275F2482720B00624EFF /* README.md */ = {isa = PBXFileReference; fileEncoding = 4; lastKnownFileType = net.daringfireball.markdown; path = README.md; sourceTree = SOURCE_ROOT; };
		A94027612483B32600624EFF /* TestVideoMock.swift */ = {isa = PBXFileReference; lastKnownFileType = sourcecode.swift; path = TestVideoMock.swift; sourceTree = "<group>"; };
		A94027662483B44700624EFF /* VideoEditorTests.swift */ = {isa = PBXFileReference; lastKnownFileType = sourcecode.swift; path = VideoEditorTests.swift; sourceTree = "<group>"; };
		A94027682483B8D100624EFF /* Font+Extension.swift */ = {isa = PBXFileReference; lastKnownFileType = sourcecode.swift; path = "Font+Extension.swift"; sourceTree = "<group>"; };
		A940276B2483B97F00624EFF /* FontTest.swift */ = {isa = PBXFileReference; lastKnownFileType = sourcecode.swift; path = FontTest.swift; sourceTree = "<group>"; };
		A940276D2483C07500624EFF /* UIViewController+Error.swift */ = {isa = PBXFileReference; lastKnownFileType = sourcecode.swift; path = "UIViewController+Error.swift"; sourceTree = "<group>"; };
		A956D943247E791A00C18229 /* VideoCompositor.swift */ = {isa = PBXFileReference; lastKnownFileType = sourcecode.swift; path = VideoCompositor.swift; sourceTree = "<group>"; };
		A95E0BB4247EDDF300143250 /* video2.MOV */ = {isa = PBXFileReference; lastKnownFileType = video.quicktime; path = video2.MOV; sourceTree = "<group>"; };
		A98EE2D5247CE49D00BE96DF /* strucc.app */ = {isa = PBXFileReference; explicitFileType = wrapper.application; includeInIndex = 0; path = strucc.app; sourceTree = BUILT_PRODUCTS_DIR; };
		A98EE2D8247CE49D00BE96DF /* AppDelegate.swift */ = {isa = PBXFileReference; lastKnownFileType = sourcecode.swift; path = AppDelegate.swift; sourceTree = "<group>"; };
		A98EE2DA247CE49D00BE96DF /* SceneDelegate.swift */ = {isa = PBXFileReference; lastKnownFileType = sourcecode.swift; path = SceneDelegate.swift; sourceTree = "<group>"; };
		A98EE2DC247CE49D00BE96DF /* CameraViewController.swift */ = {isa = PBXFileReference; lastKnownFileType = sourcecode.swift; path = CameraViewController.swift; sourceTree = "<group>"; };
		A98EE2E1247CE49E00BE96DF /* Assets.xcassets */ = {isa = PBXFileReference; lastKnownFileType = folder.assetcatalog; path = Assets.xcassets; sourceTree = "<group>"; };
		A98EE2E4247CE49E00BE96DF /* Base */ = {isa = PBXFileReference; lastKnownFileType = file.storyboard; name = Base; path = Base.lproj/LaunchScreen.storyboard; sourceTree = "<group>"; };
		A98EE2E6247CE49E00BE96DF /* Info.plist */ = {isa = PBXFileReference; lastKnownFileType = text.plist.xml; path = Info.plist; sourceTree = "<group>"; };
		A98EE2EB247CE49E00BE96DF /* struccTests.xctest */ = {isa = PBXFileReference; explicitFileType = wrapper.cfbundle; includeInIndex = 0; path = struccTests.xctest; sourceTree = BUILT_PRODUCTS_DIR; };
		A98EE2F1247CE49E00BE96DF /* Info.plist */ = {isa = PBXFileReference; lastKnownFileType = text.plist.xml; path = Info.plist; sourceTree = "<group>"; };
		A9A17FED247D06BE00D3C043 /* CameraViewModel.swift */ = {isa = PBXFileReference; lastKnownFileType = sourcecode.swift; path = CameraViewModel.swift; sourceTree = "<group>"; };
		A9A17FEF247D075100D3C043 /* Route.swift */ = {isa = PBXFileReference; lastKnownFileType = sourcecode.swift; path = Route.swift; sourceTree = "<group>"; };
		A9A17FF2247D0FBF00D3C043 /* StruccError.swift */ = {isa = PBXFileReference; lastKnownFileType = sourcecode.swift; path = StruccError.swift; sourceTree = "<group>"; };
		A9A17FF4247D25E800D3C043 /* RecordButton.swift */ = {isa = PBXFileReference; lastKnownFileType = sourcecode.swift; path = RecordButton.swift; sourceTree = "<group>"; };
		A9A17FF7247D340700D3C043 /* CameraViewModelTests.swift */ = {isa = PBXFileReference; lastKnownFileType = sourcecode.swift; path = CameraViewModelTests.swift; sourceTree = "<group>"; };
		A9A17FFB247D63F400D3C043 /* PreviewViewController.swift */ = {isa = PBXFileReference; lastKnownFileType = sourcecode.swift; path = PreviewViewController.swift; sourceTree = "<group>"; };
		A9A17FFD247D642700D3C043 /* PreviewViewModel.swift */ = {isa = PBXFileReference; lastKnownFileType = sourcecode.swift; path = PreviewViewModel.swift; sourceTree = "<group>"; };
		A9A17FFF247D6A1C00D3C043 /* CameraRecorder.swift */ = {isa = PBXFileReference; lastKnownFileType = sourcecode.swift; path = CameraRecorder.swift; sourceTree = "<group>"; };
		A9F4DCD5247E3A3E00D64341 /* VideoEditor.swift */ = {isa = PBXFileReference; lastKnownFileType = sourcecode.swift; path = VideoEditor.swift; sourceTree = "<group>"; };
		A9F4DCDA247E5A5600D64341 /* CameraRecorderMock.swift */ = {isa = PBXFileReference; lastKnownFileType = sourcecode.swift; path = CameraRecorderMock.swift; sourceTree = "<group>"; };
		A9F4DCDD247E605A00D64341 /* StruccLayerInstruction.swift */ = {isa = PBXFileReference; lastKnownFileType = sourcecode.swift; path = StruccLayerInstruction.swift; sourceTree = "<group>"; };
/* End PBXFileReference section */

/* Begin PBXFrameworksBuildPhase section */
		A98EE2D2247CE49D00BE96DF /* Frameworks */ = {
			isa = PBXFrameworksBuildPhase;
			buildActionMask = 2147483647;
			files = (
			);
			runOnlyForDeploymentPostprocessing = 0;
		};
		A98EE2E8247CE49E00BE96DF /* Frameworks */ = {
			isa = PBXFrameworksBuildPhase;
			buildActionMask = 2147483647;
			files = (
			);
			runOnlyForDeploymentPostprocessing = 0;
		};
/* End PBXFrameworksBuildPhase section */

/* Begin PBXGroup section */
		A921BB09247D6FFE0047C5AB /* Debug */ = {
			isa = PBXGroup;
			children = (
				A915B540247F1B5C0000A35C /* video1.MOV */,
				A95E0BB4247EDDF300143250 /* video2.MOV */,
			);
			path = Debug;
			sourceTree = "<group>";
		};
		A9383A94247FAF360046399E /* Extensions */ = {
			isa = PBXGroup;
			children = (
				A9383A95247FAF4C0046399E /* UICollectionView+Extensions.swift */,
				A9383AB024811DB60046399E /* Int+Extensions.swift */,
				A9383AB224811DF40046399E /* CIImage+Extension.swift */,
				A940276D2483C07500624EFF /* UIViewController+Error.swift */,
			);
			path = Extensions;
			sourceTree = "<group>";
		};
		A9383AA0247FE1220046399E /* Filters */ = {
			isa = PBXGroup;
			children = (
				A9383AA1247FE12D0046399E /* FilterProvider.swift */,
			);
			path = Filters;
			sourceTree = "<group>";
		};
		A9383AA3247FF9AA0046399E /* Fonts */ = {
			isa = PBXGroup;
			children = (
				A9383AA5247FF9C90046399E /* PostGrotesk-Bold.otf */,
				A94027682483B8D100624EFF /* Font+Extension.swift */,
			);
			path = Fonts;
			sourceTree = "<group>";
		};
		A9383ABF248160220046399E /* Combine+UIKit */ = {
			isa = PBXGroup;
			children = (
				A9383AC0248160320046399E /* CombineCompatible.swift */,
			);
			path = "Combine+UIKit";
			sourceTree = "<group>";
		};
		A940275A24826DC200624EFF /* Services */ = {
			isa = PBXGroup;
			children = (
				A940275B24826DF500624EFF /* FilterProviderTests.swift */,
				A940275D24826FCF00624EFF /* RouteTests.swift */,
			);
			path = Services;
			sourceTree = "<group>";
		};
		A94027642483B41C00624EFF /* VideoEditor */ = {
			isa = PBXGroup;
			children = (
				A94027662483B44700624EFF /* VideoEditorTests.swift */,
			);
			path = VideoEditor;
			sourceTree = "<group>";
		};
		A94027652483B42800624EFF /* VideoEditor */ = {
			isa = PBXGroup;
			children = (
				A9F4DCD5247E3A3E00D64341 /* VideoEditor.swift */,
				A956D943247E791A00C18229 /* VideoCompositor.swift */,
				A9F4DCDD247E605A00D64341 /* StruccLayerInstruction.swift */,
				A9402756248253D800624EFF /* VideoCompositorInstruction.swift */,
			);
			path = VideoEditor;
			sourceTree = "<group>";
		};
		A940276A2483B96700624EFF /* Fonts */ = {
			isa = PBXGroup;
			children = (
				A940276B2483B97F00624EFF /* FontTest.swift */,
			);
			path = Fonts;
			sourceTree = "<group>";
		};
		A98EE2CC247CE49D00BE96DF = {
			isa = PBXGroup;
			children = (
				A98EE2D7247CE49D00BE96DF /* strucc */,
				A98EE2EE247CE49E00BE96DF /* struccTests */,
				A98EE2D6247CE49D00BE96DF /* Products */,
			);
			sourceTree = "<group>";
		};
		A98EE2D6247CE49D00BE96DF /* Products */ = {
			isa = PBXGroup;
			children = (
				A98EE2D5247CE49D00BE96DF /* strucc.app */,
				A98EE2EB247CE49E00BE96DF /* struccTests.xctest */,
			);
			name = Products;
			sourceTree = "<group>";
		};
		A98EE2D7247CE49D00BE96DF /* strucc */ = {
			isa = PBXGroup;
			children = (
				A940275F2482720B00624EFF /* README.md */,
				A9383AA3247FF9AA0046399E /* Fonts */,
				A921BB09247D6FFE0047C5AB /* Debug */,
				A98EE2FD247D033800BE96DF /* Screens */,
				A98EE2FA247D02E800BE96DF /* Core */,
				A98EE2D8247CE49D00BE96DF /* AppDelegate.swift */,
				A98EE2DA247CE49D00BE96DF /* SceneDelegate.swift */,
				A98EE2E1247CE49E00BE96DF /* Assets.xcassets */,
				A98EE2E3247CE49E00BE96DF /* LaunchScreen.storyboard */,
				A98EE2E6247CE49E00BE96DF /* Info.plist */,
			);
			path = strucc;
			sourceTree = "<group>";
		};
		A98EE2EE247CE49E00BE96DF /* struccTests */ = {
			isa = PBXGroup;
			children = (
				A940276A2483B96700624EFF /* Fonts */,
				A94027642483B41C00624EFF /* VideoEditor */,
				A940275A24826DC200624EFF /* Services */,
				A9F4DCD9247E5A4C00D64341 /* Mocks */,
				A9A17FF6247D33EB00D3C043 /* View Models */,
				A98EE2F1247CE49E00BE96DF /* Info.plist */,
			);
			path = struccTests;
			sourceTree = "<group>";
		};
		A98EE2FA247D02E800BE96DF /* Core */ = {
			isa = PBXGroup;
			children = (
				A94027652483B42800624EFF /* VideoEditor */,
				A9383ABF248160220046399E /* Combine+UIKit */,
				A9383AA0247FE1220046399E /* Filters */,
				A9383A94247FAF360046399E /* Extensions */,
				A9F4DCDC247E603200D64341 /* Camera */,
				A9A17FEF247D075100D3C043 /* Route.swift */,
				A9A17FF2247D0FBF00D3C043 /* StruccError.swift */,
				A9383ABA248125150046399E /* GlobalTypeAlias.swift */,
			);
			path = Core;
			sourceTree = "<group>";
		};
		A98EE2FD247D033800BE96DF /* Screens */ = {
			isa = PBXGroup;
			children = (
				A9A17FFA247D63D000D3C043 /* Preview */,
				A9A17FF9247D63BA00D3C043 /* CameraView */,
			);
			path = Screens;
			sourceTree = "<group>";
		};
		A9A17FF6247D33EB00D3C043 /* View Models */ = {
			isa = PBXGroup;
			children = (
				A9A17FF7247D340700D3C043 /* CameraViewModelTests.swift */,
				A9383AB4248121020046399E /* PreviewViewModelTests.swift */,
			);
			path = "View Models";
			sourceTree = "<group>";
		};
		A9A17FF9247D63BA00D3C043 /* CameraView */ = {
			isa = PBXGroup;
			children = (
				A98EE2DC247CE49D00BE96DF /* CameraViewController.swift */,
				A9A17FED247D06BE00D3C043 /* CameraViewModel.swift */,
				A9A17FF4247D25E800D3C043 /* RecordButton.swift */,
				A9383AC2248170410046399E /* TransitionAnimator.swift */,
			);
			path = CameraView;
			sourceTree = "<group>";
		};
		A9A17FFA247D63D000D3C043 /* Preview */ = {
			isa = PBXGroup;
			children = (
				A9A17FFB247D63F400D3C043 /* PreviewViewController.swift */,
				A9383A92247FAA890046399E /* PreviewCollectionViewCell.swift */,
				A9A17FFD247D642700D3C043 /* PreviewViewModel.swift */,
				A9383A97247FB5CD0046399E /* CollectionViewFlowLayout.swift */,
				A9383A9E247FBD310046399E /* CollectionViewDataSourceAndDelegate.swift */,
			);
			path = Preview;
			sourceTree = "<group>";
		};
		A9F4DCD9247E5A4C00D64341 /* Mocks */ = {
			isa = PBXGroup;
			children = (
				A9F4DCDA247E5A5600D64341 /* CameraRecorderMock.swift */,
				A94027582482661600624EFF /* VideoEditorMock.swift */,
				A9383AB62481214D0046399E /* FilterProviderMock.swift */,
				A94027612483B32600624EFF /* TestVideoMock.swift */,
			);
			path = Mocks;
			sourceTree = "<group>";
		};
		A9F4DCDC247E603200D64341 /* Camera */ = {
			isa = PBXGroup;
			children = (
				A9A17FFF247D6A1C00D3C043 /* CameraRecorder.swift */,
			);
			path = Camera;
			sourceTree = "<group>";
		};
/* End PBXGroup section */

/* Begin PBXNativeTarget section */
		A98EE2D4247CE49D00BE96DF /* strucc */ = {
			isa = PBXNativeTarget;
			buildConfigurationList = A98EE2F4247CE49E00BE96DF /* Build configuration list for PBXNativeTarget "strucc" */;
			buildPhases = (
				A98EE2D1247CE49D00BE96DF /* Sources */,
				A98EE2D2247CE49D00BE96DF /* Frameworks */,
				A98EE2D3247CE49D00BE96DF /* Resources */,
				A9A17FF1247D0A6500D3C043 /* Swiftlint */,
			);
			buildRules = (
			);
			dependencies = (
			);
			name = strucc;
			productName = strucc;
			productReference = A98EE2D5247CE49D00BE96DF /* strucc.app */;
			productType = "com.apple.product-type.application";
		};
		A98EE2EA247CE49E00BE96DF /* struccTests */ = {
			isa = PBXNativeTarget;
			buildConfigurationList = A98EE2F7247CE49E00BE96DF /* Build configuration list for PBXNativeTarget "struccTests" */;
			buildPhases = (
				A98EE2E7247CE49E00BE96DF /* Sources */,
				A98EE2E8247CE49E00BE96DF /* Frameworks */,
				A98EE2E9247CE49E00BE96DF /* Resources */,
			);
			buildRules = (
			);
			dependencies = (
				A98EE2ED247CE49E00BE96DF /* PBXTargetDependency */,
			);
			name = struccTests;
			productName = struccTests;
			productReference = A98EE2EB247CE49E00BE96DF /* struccTests.xctest */;
			productType = "com.apple.product-type.bundle.unit-test";
		};
/* End PBXNativeTarget section */

/* Begin PBXProject section */
		A98EE2CD247CE49D00BE96DF /* Project object */ = {
			isa = PBXProject;
			attributes = {
				LastSwiftUpdateCheck = 1140;
				LastUpgradeCheck = 1140;
				ORGANIZATIONNAME = aarjincc;
				TargetAttributes = {
					A98EE2D4247CE49D00BE96DF = {
						CreatedOnToolsVersion = 11.4.1;
					};
					A98EE2EA247CE49E00BE96DF = {
						CreatedOnToolsVersion = 11.4.1;
						TestTargetID = A98EE2D4247CE49D00BE96DF;
					};
				};
			};
			buildConfigurationList = A98EE2D0247CE49D00BE96DF /* Build configuration list for PBXProject "strucc" */;
			compatibilityVersion = "Xcode 9.3";
			developmentRegion = en;
			hasScannedForEncodings = 0;
			knownRegions = (
				en,
				Base,
			);
			mainGroup = A98EE2CC247CE49D00BE96DF;
			productRefGroup = A98EE2D6247CE49D00BE96DF /* Products */;
			projectDirPath = "";
			projectRoot = "";
			targets = (
				A98EE2D4247CE49D00BE96DF /* strucc */,
				A98EE2EA247CE49E00BE96DF /* struccTests */,
			);
		};
/* End PBXProject section */

/* Begin PBXResourcesBuildPhase section */
		A98EE2D3247CE49D00BE96DF /* Resources */ = {
			isa = PBXResourcesBuildPhase;
			buildActionMask = 2147483647;
			files = (
				A94027602482720B00624EFF /* README.md in Resources */,
				A9383AA6247FF9C90046399E /* PostGrotesk-Bold.otf in Resources */,
				A98EE2E5247CE49E00BE96DF /* LaunchScreen.storyboard in Resources */,
				A98EE2E2247CE49E00BE96DF /* Assets.xcassets in Resources */,
				A915B541247F1B5C0000A35C /* video1.MOV in Resources */,
				A95E0BB6247EDDF400143250 /* video2.MOV in Resources */,
			);
			runOnlyForDeploymentPostprocessing = 0;
		};
		A98EE2E9247CE49E00BE96DF /* Resources */ = {
			isa = PBXResourcesBuildPhase;
			buildActionMask = 2147483647;
			files = (
			);
			runOnlyForDeploymentPostprocessing = 0;
		};
/* End PBXResourcesBuildPhase section */

/* Begin PBXShellScriptBuildPhase section */
		A9A17FF1247D0A6500D3C043 /* Swiftlint */ = {
			isa = PBXShellScriptBuildPhase;
			buildActionMask = 2147483647;
			files = (
			);
			inputFileListPaths = (
			);
			inputPaths = (
			);
			name = Swiftlint;
			outputFileListPaths = (
			);
			outputPaths = (
			);
			runOnlyForDeploymentPostprocessing = 0;
			shellPath = /bin/sh;
			shellScript = "if which swiftlint >/dev/null; then\n  swiftlint\nelse\n  echo \"warning: SwiftLint not installed, download from https://github.com/realm/SwiftLint\"\nfi\n";
		};
/* End PBXShellScriptBuildPhase section */

/* Begin PBXSourcesBuildPhase section */
		A98EE2D1247CE49D00BE96DF /* Sources */ = {
			isa = PBXSourcesBuildPhase;
			buildActionMask = 2147483647;
			files = (
				A9383AB324811DF40046399E /* CIImage+Extension.swift in Sources */,
				A9A17FF5247D25E800D3C043 /* RecordButton.swift in Sources */,
				A94027632483B34E00624EFF /* TestVideoMock.swift in Sources */,
				A956D944247E791A00C18229 /* VideoCompositor.swift in Sources */,
				A9383AA2247FE12D0046399E /* FilterProvider.swift in Sources */,
				A9A17FF0247D075100D3C043 /* Route.swift in Sources */,
				A9A17FFE247D642700D3C043 /* PreviewViewModel.swift in Sources */,
				A9383A9F247FBD310046399E /* CollectionViewDataSourceAndDelegate.swift in Sources */,
				A9383ABB248125150046399E /* GlobalTypeAlias.swift in Sources */,
				A98EE2DD247CE49D00BE96DF /* CameraViewController.swift in Sources */,
				A94027692483B8D100624EFF /* Font+Extension.swift in Sources */,
				A9383A93247FAA890046399E /* PreviewCollectionViewCell.swift in Sources */,
				A940276E2483C07500624EFF /* UIViewController+Error.swift in Sources */,
				A9383AB124811DB60046399E /* Int+Extensions.swift in Sources */,
				A9A17FF3247D0FBF00D3C043 /* StruccError.swift in Sources */,
				A98EE2D9247CE49D00BE96DF /* AppDelegate.swift in Sources */,
				A9383A96247FAF4C0046399E /* UICollectionView+Extensions.swift in Sources */,
				A9A18000247D6A1C00D3C043 /* CameraRecorder.swift in Sources */,
				A9A17FEE247D06BE00D3C043 /* CameraViewModel.swift in Sources */,
				A9383AC3248170410046399E /* TransitionAnimator.swift in Sources */,
				A9383AC1248160320046399E /* CombineCompatible.swift in Sources */,
				A98EE2DB247CE49D00BE96DF /* SceneDelegate.swift in Sources */,
				A9F4DCD6247E3A3E00D64341 /* VideoEditor.swift in Sources */,
				A9402757248253D800624EFF /* VideoCompositorInstruction.swift in Sources */,
				A9A17FFC247D63F400D3C043 /* PreviewViewController.swift in Sources */,
				A9383A98247FB5CD0046399E /* CollectionViewFlowLayout.swift in Sources */,
				A9F4DCDE247E605A00D64341 /* StruccLayerInstruction.swift in Sources */,
			);
			runOnlyForDeploymentPostprocessing = 0;
		};
		A98EE2E7247CE49E00BE96DF /* Sources */ = {
			isa = PBXSourcesBuildPhase;
			buildActionMask = 2147483647;
			files = (
				A9383AB5248121020046399E /* PreviewViewModelTests.swift in Sources */,
				A94027592482661600624EFF /* VideoEditorMock.swift in Sources */,
				A940275E24826FCF00624EFF /* RouteTests.swift in Sources */,
				A94027672483B44700624EFF /* VideoEditorTests.swift in Sources */,
				A9F4DCDB247E5A5600D64341 /* CameraRecorderMock.swift in Sources */,
				A9383AB72481214D0046399E /* FilterProviderMock.swift in Sources */,
				A940276C2483B97F00624EFF /* FontTest.swift in Sources */,
				A940275C24826DF500624EFF /* FilterProviderTests.swift in Sources */,
				A9A17FF8247D340700D3C043 /* CameraViewModelTests.swift in Sources */,
				A94027622483B32600624EFF /* TestVideoMock.swift in Sources */,
			);
			runOnlyForDeploymentPostprocessing = 0;
		};
/* End PBXSourcesBuildPhase section */

/* Begin PBXTargetDependency section */
		A98EE2ED247CE49E00BE96DF /* PBXTargetDependency */ = {
			isa = PBXTargetDependency;
			target = A98EE2D4247CE49D00BE96DF /* strucc */;
			targetProxy = A98EE2EC247CE49E00BE96DF /* PBXContainerItemProxy */;
		};
/* End PBXTargetDependency section */

/* Begin PBXVariantGroup section */
		A98EE2E3247CE49E00BE96DF /* LaunchScreen.storyboard */ = {
			isa = PBXVariantGroup;
			children = (
				A98EE2E4247CE49E00BE96DF /* Base */,
			);
			name = LaunchScreen.storyboard;
			sourceTree = "<group>";
		};
/* End PBXVariantGroup section */

/* Begin XCBuildConfiguration section */
		A98EE2F2247CE49E00BE96DF /* Debug */ = {
			isa = XCBuildConfiguration;
			buildSettings = {
				ALWAYS_SEARCH_USER_PATHS = NO;
				CLANG_ANALYZER_NONNULL = YES;
				CLANG_ANALYZER_NUMBER_OBJECT_CONVERSION = YES_AGGRESSIVE;
				CLANG_CXX_LANGUAGE_STANDARD = "gnu++14";
				CLANG_CXX_LIBRARY = "libc++";
				CLANG_ENABLE_MODULES = YES;
				CLANG_ENABLE_OBJC_ARC = YES;
				CLANG_ENABLE_OBJC_WEAK = YES;
				CLANG_WARN_BLOCK_CAPTURE_AUTORELEASING = YES;
				CLANG_WARN_BOOL_CONVERSION = YES;
				CLANG_WARN_COMMA = YES;
				CLANG_WARN_CONSTANT_CONVERSION = YES;
				CLANG_WARN_DEPRECATED_OBJC_IMPLEMENTATIONS = YES;
				CLANG_WARN_DIRECT_OBJC_ISA_USAGE = YES_ERROR;
				CLANG_WARN_DOCUMENTATION_COMMENTS = YES;
				CLANG_WARN_EMPTY_BODY = YES;
				CLANG_WARN_ENUM_CONVERSION = YES;
				CLANG_WARN_INFINITE_RECURSION = YES;
				CLANG_WARN_INT_CONVERSION = YES;
				CLANG_WARN_NON_LITERAL_NULL_CONVERSION = YES;
				CLANG_WARN_OBJC_IMPLICIT_RETAIN_SELF = YES;
				CLANG_WARN_OBJC_LITERAL_CONVERSION = YES;
				CLANG_WARN_OBJC_ROOT_CLASS = YES_ERROR;
				CLANG_WARN_RANGE_LOOP_ANALYSIS = YES;
				CLANG_WARN_STRICT_PROTOTYPES = YES;
				CLANG_WARN_SUSPICIOUS_MOVE = YES;
				CLANG_WARN_UNGUARDED_AVAILABILITY = YES_AGGRESSIVE;
				CLANG_WARN_UNREACHABLE_CODE = YES;
				CLANG_WARN__DUPLICATE_METHOD_MATCH = YES;
				COPY_PHASE_STRIP = NO;
				DEBUG_INFORMATION_FORMAT = dwarf;
				ENABLE_STRICT_OBJC_MSGSEND = YES;
				ENABLE_TESTABILITY = YES;
				GCC_C_LANGUAGE_STANDARD = gnu11;
				GCC_DYNAMIC_NO_PIC = NO;
				GCC_NO_COMMON_BLOCKS = YES;
				GCC_OPTIMIZATION_LEVEL = 0;
				GCC_PREPROCESSOR_DEFINITIONS = (
					"DEBUG=1",
					"$(inherited)",
				);
				GCC_WARN_64_TO_32_BIT_CONVERSION = YES;
				GCC_WARN_ABOUT_RETURN_TYPE = YES_ERROR;
				GCC_WARN_UNDECLARED_SELECTOR = YES;
				GCC_WARN_UNINITIALIZED_AUTOS = YES_AGGRESSIVE;
				GCC_WARN_UNUSED_FUNCTION = YES;
				GCC_WARN_UNUSED_VARIABLE = YES;
				IPHONEOS_DEPLOYMENT_TARGET = 13.4;
				MTL_ENABLE_DEBUG_INFO = INCLUDE_SOURCE;
				MTL_FAST_MATH = YES;
				ONLY_ACTIVE_ARCH = YES;
				SDKROOT = iphoneos;
				SWIFT_ACTIVE_COMPILATION_CONDITIONS = DEBUG;
				SWIFT_OPTIMIZATION_LEVEL = "-Onone";
			};
			name = Debug;
		};
		A98EE2F3247CE49E00BE96DF /* Release */ = {
			isa = XCBuildConfiguration;
			buildSettings = {
				ALWAYS_SEARCH_USER_PATHS = NO;
				CLANG_ANALYZER_NONNULL = YES;
				CLANG_ANALYZER_NUMBER_OBJECT_CONVERSION = YES_AGGRESSIVE;
				CLANG_CXX_LANGUAGE_STANDARD = "gnu++14";
				CLANG_CXX_LIBRARY = "libc++";
				CLANG_ENABLE_MODULES = YES;
				CLANG_ENABLE_OBJC_ARC = YES;
				CLANG_ENABLE_OBJC_WEAK = YES;
				CLANG_WARN_BLOCK_CAPTURE_AUTORELEASING = YES;
				CLANG_WARN_BOOL_CONVERSION = YES;
				CLANG_WARN_COMMA = YES;
				CLANG_WARN_CONSTANT_CONVERSION = YES;
				CLANG_WARN_DEPRECATED_OBJC_IMPLEMENTATIONS = YES;
				CLANG_WARN_DIRECT_OBJC_ISA_USAGE = YES_ERROR;
				CLANG_WARN_DOCUMENTATION_COMMENTS = YES;
				CLANG_WARN_EMPTY_BODY = YES;
				CLANG_WARN_ENUM_CONVERSION = YES;
				CLANG_WARN_INFINITE_RECURSION = YES;
				CLANG_WARN_INT_CONVERSION = YES;
				CLANG_WARN_NON_LITERAL_NULL_CONVERSION = YES;
				CLANG_WARN_OBJC_IMPLICIT_RETAIN_SELF = YES;
				CLANG_WARN_OBJC_LITERAL_CONVERSION = YES;
				CLANG_WARN_OBJC_ROOT_CLASS = YES_ERROR;
				CLANG_WARN_RANGE_LOOP_ANALYSIS = YES;
				CLANG_WARN_STRICT_PROTOTYPES = YES;
				CLANG_WARN_SUSPICIOUS_MOVE = YES;
				CLANG_WARN_UNGUARDED_AVAILABILITY = YES_AGGRESSIVE;
				CLANG_WARN_UNREACHABLE_CODE = YES;
				CLANG_WARN__DUPLICATE_METHOD_MATCH = YES;
				COPY_PHASE_STRIP = NO;
				DEBUG_INFORMATION_FORMAT = "dwarf-with-dsym";
				ENABLE_NS_ASSERTIONS = NO;
				ENABLE_STRICT_OBJC_MSGSEND = YES;
				GCC_C_LANGUAGE_STANDARD = gnu11;
				GCC_NO_COMMON_BLOCKS = YES;
				GCC_WARN_64_TO_32_BIT_CONVERSION = YES;
				GCC_WARN_ABOUT_RETURN_TYPE = YES_ERROR;
				GCC_WARN_UNDECLARED_SELECTOR = YES;
				GCC_WARN_UNINITIALIZED_AUTOS = YES_AGGRESSIVE;
				GCC_WARN_UNUSED_FUNCTION = YES;
				GCC_WARN_UNUSED_VARIABLE = YES;
				IPHONEOS_DEPLOYMENT_TARGET = 13.4;
				MTL_ENABLE_DEBUG_INFO = NO;
				MTL_FAST_MATH = YES;
				SDKROOT = iphoneos;
				SWIFT_COMPILATION_MODE = wholemodule;
				SWIFT_OPTIMIZATION_LEVEL = "-O";
				VALIDATE_PRODUCT = YES;
			};
			name = Release;
		};
		A98EE2F5247CE49E00BE96DF /* Debug */ = {
			isa = XCBuildConfiguration;
			buildSettings = {
				ASSETCATALOG_COMPILER_APPICON_NAME = AppIcon;
				CODE_SIGN_IDENTITY = "Apple Development";
				CODE_SIGN_STYLE = Automatic;
				DEVELOPMENT_TEAM = 58TN26CK22;
				INFOPLIST_FILE = strucc/Info.plist;
				IPHONEOS_DEPLOYMENT_TARGET = 13.3;
				LD_RUNPATH_SEARCH_PATHS = (
					"$(inherited)",
					"@executable_path/Frameworks",
				);
				PRODUCT_BUNDLE_IDENTIFIER = com.aarjinc.strucc;
				PRODUCT_NAME = "$(TARGET_NAME)";
				PROVISIONING_PROFILE_SPECIFIER = "";
				SWIFT_VERSION = 5.0;
				TARGETED_DEVICE_FAMILY = "1,2";
			};
			name = Debug;
		};
		A98EE2F6247CE49E00BE96DF /* Release */ = {
			isa = XCBuildConfiguration;
			buildSettings = {
				ASSETCATALOG_COMPILER_APPICON_NAME = AppIcon;
				CODE_SIGN_IDENTITY = "Apple Development";
				CODE_SIGN_STYLE = Automatic;
				DEVELOPMENT_TEAM = 58TN26CK22;
				INFOPLIST_FILE = strucc/Info.plist;
				IPHONEOS_DEPLOYMENT_TARGET = 13.3;
				LD_RUNPATH_SEARCH_PATHS = (
					"$(inherited)",
					"@executable_path/Frameworks",
				);
				PRODUCT_BUNDLE_IDENTIFIER = com.aarjinc.strucc;
				PRODUCT_NAME = "$(TARGET_NAME)";
				PROVISIONING_PROFILE_SPECIFIER = "";
				SWIFT_VERSION = 5.0;
				TARGETED_DEVICE_FAMILY = "1,2";
			};
			name = Release;
		};
		A98EE2F8247CE49E00BE96DF /* Debug */ = {
			isa = XCBuildConfiguration;
			buildSettings = {
				ALWAYS_EMBED_SWIFT_STANDARD_LIBRARIES = YES;
				BUNDLE_LOADER = "$(TEST_HOST)";
				CODE_SIGN_STYLE = Automatic;
				DEVELOPMENT_TEAM = 58TN26CK22;
				INFOPLIST_FILE = struccTests/Info.plist;
				IPHONEOS_DEPLOYMENT_TARGET = 13.4;
				LD_RUNPATH_SEARCH_PATHS = (
					"$(inherited)",
					"@executable_path/Frameworks",
					"@loader_path/Frameworks",
				);
				PRODUCT_BUNDLE_IDENTIFIER = com.aarjinc.struccTests;
				PRODUCT_NAME = "$(TARGET_NAME)";
				SWIFT_VERSION = 5.0;
				TARGETED_DEVICE_FAMILY = "1,2";
				TEST_HOST = "$(BUILT_PRODUCTS_DIR)/strucc.app/strucc";
			};
			name = Debug;
		};
		A98EE2F9247CE49E00BE96DF /* Release */ = {
			isa = XCBuildConfiguration;
			buildSettings = {
				ALWAYS_EMBED_SWIFT_STANDARD_LIBRARIES = YES;
				BUNDLE_LOADER = "$(TEST_HOST)";
				CODE_SIGN_STYLE = Automatic;
				DEVELOPMENT_TEAM = 58TN26CK22;
				INFOPLIST_FILE = struccTests/Info.plist;
				IPHONEOS_DEPLOYMENT_TARGET = 13.4;
				LD_RUNPATH_SEARCH_PATHS = (
					"$(inherited)",
					"@executable_path/Frameworks",
					"@loader_path/Frameworks",
				);
				PRODUCT_BUNDLE_IDENTIFIER = com.aarjinc.struccTests;
				PRODUCT_NAME = "$(TARGET_NAME)";
				SWIFT_VERSION = 5.0;
				TARGETED_DEVICE_FAMILY = "1,2";
				TEST_HOST = "$(BUILT_PRODUCTS_DIR)/strucc.app/strucc";
			};
			name = Release;
		};
/* End XCBuildConfiguration section */

/* Begin XCConfigurationList section */
		A98EE2D0247CE49D00BE96DF /* Build configuration list for PBXProject "strucc" */ = {
			isa = XCConfigurationList;
			buildConfigurations = (
				A98EE2F2247CE49E00BE96DF /* Debug */,
				A98EE2F3247CE49E00BE96DF /* Release */,
			);
			defaultConfigurationIsVisible = 0;
			defaultConfigurationName = Release;
		};
		A98EE2F4247CE49E00BE96DF /* Build configuration list for PBXNativeTarget "strucc" */ = {
			isa = XCConfigurationList;
			buildConfigurations = (
				A98EE2F5247CE49E00BE96DF /* Debug */,
				A98EE2F6247CE49E00BE96DF /* Release */,
			);
			defaultConfigurationIsVisible = 0;
			defaultConfigurationName = Release;
		};
		A98EE2F7247CE49E00BE96DF /* Build configuration list for PBXNativeTarget "struccTests" */ = {
			isa = XCConfigurationList;
			buildConfigurations = (
				A98EE2F8247CE49E00BE96DF /* Debug */,
				A98EE2F9247CE49E00BE96DF /* Release */,
			);
			defaultConfigurationIsVisible = 0;
			defaultConfigurationName = Release;
		};
/* End XCConfigurationList section */
	};
	rootObject = A98EE2CD247CE49D00BE96DF /* Project object */;
}
